
Microsoft Visual Studio Solution File, Format Version 12.00
# Visual Studio Version 17
VisualStudioVersion = 17.13.35825.156 d17.13
MinimumVisualStudioVersion = 10.0.40219.1
Project("{FAE04EC0-301F-11D3-BF4B-00C04F79EFBC}") = "S1Processor", "S1Processor\S1Processor.csproj", "{AA11EA0E-82BF-4D40-A742-865058BA59FE}"
EndProject
Global
	GlobalSection(SolutionConfigurationPlatforms) = preSolution
		Debug|Any CPU = Debug|Any CPU
		Release|Any CPU = Release|Any CPU
	EndGlobalSection
	GlobalSection(ProjectConfigurationPlatforms) = postSolution
		{AA11EA0E-82BF-4D40-A742-865058BA59FE}.Debug|Any CPU.ActiveCfg = Debug|Any CPU
		{AA11EA0E-82BF-4D40-A742-865058BA59FE}.Debug|Any CPU.Build.0 = Debug|Any CPU
		{AA11EA0E-82BF-4D40-A742-865058BA59FE}.Release|Any CPU.ActiveCfg = Release|Any CPU
		{AA11EA0E-82BF-4D40-A742-865058BA59FE}.Release|Any CPU.Build.0 = Release|Any CPU
	EndGlobalSection
	GlobalSection(SolutionProperties) = preSolution
		HideSolutionNode = FALSE
	EndGlobalSection
	GlobalSection(ExtensibilityGlobals) = postSolution
		SolutionGuid = {F1F606E1-3EF3-4CB0-8903-A26440BDE835}
	EndGlobalSection
EndGlobal
